36a2629236a372237372235692d3720656b65302e23332f657d7677776b6532292e33657d65373f656b6530222537657d333532226b6533352e2a657d21262b34223a.png
Clicking new img: https://assets-v2.customall.io/3c652c223e657d65757775726a77706821243475162c17242d701818342e2b312235692d3720656b65302e23332f657d7677776b6532292e33657d65373f656b6530222537657d333532226b6533352e2a657d21262b34223a.png
Clicking new img: https://assets-v2.customall.io/3c652c223e657d65757775726a7770682d2b0c051f2610703f2d181825262b23692d3720656b65302e23332f657d7677776b6532292e33657d65373f656b6530222537657d333532226b6533352e2a657d21262b34223a.png
Clicking new img: https://assets-v2.customall.io/3c652c223e657d65757775726a777068292a3311062c3e7e1e7418183328241877777669372920656b65302e23332f657d7677776b6532292e33657d65373f656b6530222537657d333532226b6533352e2a657d333532223a.png
Clicking new img: https://assets-v2.customall.io/3c652c223e657d65757775726a77706835222f162134333d262218183328241877777569372920656b65302e23332f657d7677776b6532292e33657d65373f656b6530222537657d333532226b6533352e2a657d333532223a.png